
Microsoft Visual Studio Solution File, Format Version 12.00
# Visual Studio 15
VisualStudioVersion = 15.0.27130.2010
MinimumVisualStudioVersion = 10.0.40219.1
Project("{FAE04EC0-301F-11D3-BF4B-00C04F79EFBC}") = "RKM2018", "RKM\RKM2018.csproj", "{5F340796-CDCC-411A-BBDF-FFC335A72624}"
EndProject
Global
	GlobalSection(SolutionConfigurationPlatforms) = preSolution
		Debug|Any CPU = Debug|Any CPU
		Release|Any CPU = Release|Any CPU
	EndGlobalSection
	GlobalSection(ProjectConfigurationPlatforms) = postSolution
		{5F340796-CDCC-411A-BBDF-FFC335A72624}.Debug|Any CPU.ActiveCfg = Debug|Any CPU
		{5F340796-CDCC-411A-BBDF-FFC335A72624}.Debug|Any CPU.Build.0 = Debug|Any CPU
		{5F340796-CDCC-411A-BBDF-FFC335A72624}.Release|Any CPU.ActiveCfg = Release|Any CPU
		{5F340796-CDCC-411A-BBDF-FFC335A72624}.Release|Any CPU.Build.0 = Release|Any CPU
	EndGlobalSection
	GlobalSection(SolutionProperties) = preSolution
		HideSolutionNode = FALSE
	EndGlobalSection
	GlobalSection(ExtensibilityGlobals) = postSolution
		SolutionGuid = {437A26C7-75CB-4A3E-B3AB-1402DF11B7CF}
	EndGlobalSection
EndGlobal
